// !$*UTF8*$!
{
	archiveVersion = 1;
	classes = {
	};
	objectVersion = 46;
	objects = {

/* Begin PBXBuildFile section */
		AA1952061DB3DF2F001F5298 /* MovieCardView.swift in Sources */ = {isa = PBXBuildFile; fileRef = AA1952051DB3DF2F001F5298 /* MovieCardView.swift */; };
		AA1952081DB3DF3E001F5298 /* MovieCardView.xib in Resources */ = {isa = PBXBuildFile; fileRef = AA1952071DB3DF3E001F5298 /* MovieCardView.xib */; };
		AA27ED6C1DA23AFA000395B7 /* SearchResultsViewController.swift in Sources */ = {isa = PBXBuildFile; fileRef = AA27ED6B1DA23AFA000395B7 /* SearchResultsViewController.swift */; };
		AA27ED6E1DA2408A000395B7 /* APIRequest.swift in Sources */ = {isa = PBXBuildFile; fileRef = AA27ED6D1DA2408A000395B7 /* APIRequest.swift */; };
		AA27ED701DA2FEDC000395B7 /* MovieCollectionViewCell.xib in Resources */ = {isa = PBXBuildFile; fileRef = AA27ED6F1DA2FEDC000395B7 /* MovieCollectionViewCell.xib */; };
		AA27ED721DA2FFCF000395B7 /* MovieCollectionViewCell.swift in Sources */ = {isa = PBXBuildFile; fileRef = AA27ED711DA2FFCF000395B7 /* MovieCollectionViewCell.swift */; };
		AA27ED741DA30F55000395B7 /* IndexedImageStore.swift in Sources */ = {isa = PBXBuildFile; fileRef = AA27ED731DA30F55000395B7 /* IndexedImageStore.swift */; };
		AA27ED761DA447AA000395B7 /* RootTabBarController.swift in Sources */ = {isa = PBXBuildFile; fileRef = AA27ED751DA447AA000395B7 /* RootTabBarController.swift */; };
		AA27ED781DA44B1F000395B7 /* LeaderboardViewController.swift in Sources */ = {isa = PBXBuildFile; fileRef = AA27ED771DA44B1F000395B7 /* LeaderboardViewController.swift */; };
		AA27ED7B1DA45897000395B7 /* NominationsViewController.swift in Sources */ = {isa = PBXBuildFile; fileRef = AA27ED7A1DA45897000395B7 /* NominationsViewController.swift */; };
		AA27ED7F1DA46AC8000395B7 /* LargeHeadingTableViewCell.swift in Sources */ = {isa = PBXBuildFile; fileRef = AA27ED7D1DA46AC8000395B7 /* LargeHeadingTableViewCell.swift */; };
		AA27ED801DA46AC8000395B7 /* LargeHeadingTableViewCell.xib in Resources */ = {isa = PBXBuildFile; fileRef = AA27ED7E1DA46AC8000395B7 /* LargeHeadingTableViewCell.xib */; };
		AA27ED821DA46E91000395B7 /* OLD_SearchViewController.swift in Sources */ = {isa = PBXBuildFile; fileRef = AA27ED811DA46E91000395B7 /* OLD_SearchViewController.swift */; };
		AA27ED841DAD788B000395B7 /* SearchViewController.swift in Sources */ = {isa = PBXBuildFile; fileRef = AA27ED831DAD788B000395B7 /* SearchViewController.swift */; };
		AA74346A1DAD890400BFB26C /* SearchHeaderTableViewCell.swift in Sources */ = {isa = PBXBuildFile; fileRef = AA7434681DAD890400BFB26C /* SearchHeaderTableViewCell.swift */; };
		AA74346B1DAD890400BFB26C /* SearchHeaderTableViewCell.xib in Resources */ = {isa = PBXBuildFile; fileRef = AA7434691DAD890400BFB26C /* SearchHeaderTableViewCell.xib */; };
		AA74346D1DB2B7D900BFB26C /* Array+Extensions.swift in Sources */ = {isa = PBXBuildFile; fileRef = AA74346C1DB2B7D900BFB26C /* Array+Extensions.swift */; };
		AA7434731DB2FC2F00BFB26C /* LoadingView.swift in Sources */ = {isa = PBXBuildFile; fileRef = AA7434721DB2FC2F00BFB26C /* LoadingView.swift */; };
		AA7434751DB2FC4300BFB26C /* LoadingView.xib in Resources */ = {isa = PBXBuildFile; fileRef = AA7434741DB2FC4300BFB26C /* LoadingView.xib */; };
		AA89A1E11DA164400064D142 /* AppDelegate.swift in Sources */ = {isa = PBXBuildFile; fileRef = AA89A1E01DA164400064D142 /* AppDelegate.swift */; };
		AA89A1E31DA164400064D142 /* ViewController.swift in Sources */ = {isa = PBXBuildFile; fileRef = AA89A1E21DA164400064D142 /* ViewController.swift */; };
		AA89A1E61DA164400064D142 /* Main.storyboard in Resources */ = {isa = PBXBuildFile; fileRef = AA89A1E41DA164400064D142 /* Main.storyboard */; };
		AA89A1E81DA164400064D142 /* Assets.xcassets in Resources */ = {isa = PBXBuildFile; fileRef = AA89A1E71DA164400064D142 /* Assets.xcassets */; };
		AA89A1EB1DA164400064D142 /* LaunchScreen.storyboard in Resources */ = {isa = PBXBuildFile; fileRef = AA89A1E91DA164400064D142 /* LaunchScreen.storyboard */; };
		AA89A1F61DA164400064D142 /* ClapperboardTests.swift in Sources */ = {isa = PBXBuildFile; fileRef = AA89A1F51DA164400064D142 /* ClapperboardTests.swift */; };
		AA89A2011DA164400064D142 /* ClapperboardUITests.swift in Sources */ = {isa = PBXBuildFile; fileRef = AA89A2001DA164400064D142 /* ClapperboardUITests.swift */; };
		AA89A2111DA171290064D142 /* APIConnector.swift in Sources */ = {isa = PBXBuildFile; fileRef = AA89A2101DA171290064D142 /* APIConnector.swift */; };
		AA89A2131DA171950064D142 /* OMDbAPIConnector.swift in Sources */ = {isa = PBXBuildFile; fileRef = AA89A2121DA171950064D142 /* OMDbAPIConnector.swift */; };
		AA89A2151DA17C8D0064D142 /* Movie.swift in Sources */ = {isa = PBXBuildFile; fileRef = AA89A2141DA17C8D0064D142 /* Movie.swift */; };
		AAC5690B1DA1D632008D8D4C /* MovieRequest.swift in Sources */ = {isa = PBXBuildFile; fileRef = AAC5690A1DA1D632008D8D4C /* MovieRequest.swift */; };
		F24F67371DAC1D7B00E2FFFC /* UIView+Extensions.swift in Sources */ = {isa = PBXBuildFile; fileRef = F24F67361DAC1D7B00E2FFFC /* UIView+Extensions.swift */; };
		F25052061DABCC0700930870 /* LargeHeadingView.swift in Sources */ = {isa = PBXBuildFile; fileRef = F25052051DABCC0700930870 /* LargeHeadingView.swift */; };
		F25052081DABCC3500930870 /* LargeHeadingView.xib in Resources */ = {isa = PBXBuildFile; fileRef = F25052071DABCC3500930870 /* LargeHeadingView.xib */; };
		F2B893D31DA5315900CD6DCE /* SearchHeaderCollectionViewCell.swift in Sources */ = {isa = PBXBuildFile; fileRef = F2B893D11DA5315900CD6DCE /* SearchHeaderCollectionViewCell.swift */; };
		F2B893D41DA5315900CD6DCE /* SearchHeaderCollectionViewCell.xib in Resources */ = {isa = PBXBuildFile; fileRef = F2B893D21DA5315900CD6DCE /* SearchHeaderCollectionViewCell.xib */; };
/* End PBXBuildFile section */

/* Begin PBXContainerItemProxy section */
		AA89A1F21DA164400064D142 /* PBXContainerItemProxy */ = {
			isa = PBXContainerItemProxy;
			containerPortal = AA89A1D51DA1643F0064D142 /* Project object */;
			proxyType = 1;
			remoteGlobalIDString = AA89A1DC1DA164400064D142;
			remoteInfo = Clapperboard;
		};
		AA89A1FD1DA164400064D142 /* PBXContainerItemProxy */ = {
			isa = PBXContainerItemProxy;
			containerPortal = AA89A1D51DA1643F0064D142 /* Project object */;
			proxyType = 1;
			remoteGlobalIDString = AA89A1DC1DA164400064D142;
			remoteInfo = Clapperboard;
		};
/* End PBXContainerItemProxy section */

/* Begin PBXFileReference section */
		AA1952051DB3DF2F001F5298 /* MovieCardView.swift */ = {isa = PBXFileReference; fileEncoding = 4; lastKnownFileType = sourcecode.swift; name = MovieCardView.swift; path = Views/MovieCardView.swift; sourceTree = "<group>"; };
		AA1952071DB3DF3E001F5298 /* MovieCardView.xib */ = {isa = PBXFileReference; fileEncoding = 4; lastKnownFileType = file.xib; name = MovieCardView.xib; path = Views/MovieCardView.xib; sourceTree = "<group>"; };
		AA27ED6B1DA23AFA000395B7 /* SearchResultsViewController.swift */ = {isa = PBXFileReference; fileEncoding = 4; lastKnownFileType = sourcecode.swift; name = SearchResultsViewController.swift; path = Controllers/SearchResultsViewController.swift; sourceTree = "<group>"; };
		AA27ED6D1DA2408A000395B7 /* APIRequest.swift */ = {isa = PBXFileReference; fileEncoding = 4; lastKnownFileType = sourcecode.swift; name = APIRequest.swift; path = API/APIRequest.swift; sourceTree = "<group>"; };
		AA27ED6F1DA2FEDC000395B7 /* MovieCollectionViewCell.xib */ = {isa = PBXFileReference; fileEncoding = 4; lastKnownFileType = file.xib; name = MovieCollectionViewCell.xib; path = Views/MovieCollectionViewCell.xib; sourceTree = "<group>"; };
		AA27ED711DA2FFCF000395B7 /* MovieCollectionViewCell.swift */ = {isa = PBXFileReference; fileEncoding = 4; lastKnownFileType = sourcecode.swift; name = MovieCollectionViewCell.swift; path = Views/MovieCollectionViewCell.swift; sourceTree = "<group>"; };
		AA27ED731DA30F55000395B7 /* IndexedImageStore.swift */ = {isa = PBXFileReference; fileEncoding = 4; lastKnownFileType = sourcecode.swift; path = IndexedImageStore.swift; sourceTree = "<group>"; };
		AA27ED751DA447AA000395B7 /* RootTabBarController.swift */ = {isa = PBXFileReference; fileEncoding = 4; lastKnownFileType = sourcecode.swift; name = RootTabBarController.swift; path = Controllers/RootTabBarController.swift; sourceTree = "<group>"; };
		AA27ED771DA44B1F000395B7 /* LeaderboardViewController.swift */ = {isa = PBXFileReference; fileEncoding = 4; lastKnownFileType = sourcecode.swift; name = LeaderboardViewController.swift; path = Controllers/LeaderboardViewController.swift; sourceTree = "<group>"; };
		AA27ED7A1DA45897000395B7 /* NominationsViewController.swift */ = {isa = PBXFileReference; fileEncoding = 4; lastKnownFileType = sourcecode.swift; name = NominationsViewController.swift; path = Controllers/NominationsViewController.swift; sourceTree = "<group>"; };
		AA27ED7D1DA46AC8000395B7 /* LargeHeadingTableViewCell.swift */ = {isa = PBXFileReference; fileEncoding = 4; lastKnownFileType = sourcecode.swift; name = LargeHeadingTableViewCell.swift; path = Cells/LargeHeadingTableViewCell.swift; sourceTree = "<group>"; };
		AA27ED7E1DA46AC8000395B7 /* LargeHeadingTableViewCell.xib */ = {isa = PBXFileReference; fileEncoding = 4; lastKnownFileType = file.xib; name = LargeHeadingTableViewCell.xib; path = Cells/LargeHeadingTableViewCell.xib; sourceTree = "<group>"; };
		AA27ED811DA46E91000395B7 /* OLD_SearchViewController.swift */ = {isa = PBXFileReference; fileEncoding = 4; lastKnownFileType = sourcecode.swift; name = OLD_SearchViewController.swift; path = Controllers/OLD_SearchViewController.swift; sourceTree = "<group>"; };
		AA27ED831DAD788B000395B7 /* SearchViewController.swift */ = {isa = PBXFileReference; fileEncoding = 4; lastKnownFileType = sourcecode.swift; name = SearchViewController.swift; path = Controllers/SearchViewController.swift; sourceTree = "<group>"; };
		AA7434681DAD890400BFB26C /* SearchHeaderTableViewCell.swift */ = {isa = PBXFileReference; fileEncoding = 4; lastKnownFileType = sourcecode.swift; name = SearchHeaderTableViewCell.swift; path = Cells/SearchHeaderTableViewCell.swift; sourceTree = "<group>"; };
		AA7434691DAD890400BFB26C /* SearchHeaderTableViewCell.xib */ = {isa = PBXFileReference; fileEncoding = 4; lastKnownFileType = file.xib; name = SearchHeaderTableViewCell.xib; path = Cells/SearchHeaderTableViewCell.xib; sourceTree = "<group>"; };
		AA74346C1DB2B7D900BFB26C /* Array+Extensions.swift */ = {isa = PBXFileReference; fileEncoding = 4; lastKnownFileType = sourcecode.swift; name = "Array+Extensions.swift"; path = "Extensions/Array+Extensions.swift"; sourceTree = "<group>"; };
		AA7434721DB2FC2F00BFB26C /* LoadingView.swift */ = {isa = PBXFileReference; fileEncoding = 4; lastKnownFileType = sourcecode.swift; name = LoadingView.swift; path = Views/LoadingView.swift; sourceTree = "<group>"; };
		AA7434741DB2FC4300BFB26C /* LoadingView.xib */ = {isa = PBXFileReference; fileEncoding = 4; lastKnownFileType = file.xib; name = LoadingView.xib; path = Views/LoadingView.xib; sourceTree = "<group>"; };
		AA89A1DD1DA164400064D142 /* Clapperboard.app */ = {isa = PBXFileReference; explicitFileType = wrapper.application; includeInIndex = 0; path = Clapperboard.app; sourceTree = BUILT_PRODUCTS_DIR; };
		AA89A1E01DA164400064D142 /* AppDelegate.swift */ = {isa = PBXFileReference; lastKnownFileType = sourcecode.swift; path = AppDelegate.swift; sourceTree = "<group>"; };
		AA89A1E21DA164400064D142 /* ViewController.swift */ = {isa = PBXFileReference; lastKnownFileType = sourcecode.swift; path = ViewController.swift; sourceTree = "<group>"; };
		AA89A1E51DA164400064D142 /* Base */ = {isa = PBXFileReference; lastKnownFileType = file.storyboard; name = Base; path = Base.lproj/Main.storyboard; sourceTree = "<group>"; };
		AA89A1E71DA164400064D142 /* Assets.xcassets */ = {isa = PBXFileReference; lastKnownFileType = folder.assetcatalog; path = Assets.xcassets; sourceTree = "<group>"; };
		AA89A1EA1DA164400064D142 /* Base */ = {isa = PBXFileReference; lastKnownFileType = file.storyboard; name = Base; path = Base.lproj/LaunchScreen.storyboard; sourceTree = "<group>"; };
		AA89A1EC1DA164400064D142 /* Info.plist */ = {isa = PBXFileReference; lastKnownFileType = text.plist.xml; path = Info.plist; sourceTree = "<group>"; };
		AA89A1F11DA164400064D142 /* ClapperboardTests.xctest */ = {isa = PBXFileReference; explicitFileType = wrapper.cfbundle; includeInIndex = 0; path = ClapperboardTests.xctest; sourceTree = BUILT_PRODUCTS_DIR; };
		AA89A1F51DA164400064D142 /* ClapperboardTests.swift */ = {isa = PBXFileReference; lastKnownFileType = sourcecode.swift; path = ClapperboardTests.swift; sourceTree = "<group>"; };
		AA89A1F71DA164400064D142 /* Info.plist */ = {isa = PBXFileReference; lastKnownFileType = text.plist.xml; path = Info.plist; sourceTree = "<group>"; };
		AA89A1FC1DA164400064D142 /* ClapperboardUITests.xctest */ = {isa = PBXFileReference; explicitFileType = wrapper.cfbundle; includeInIndex = 0; path = ClapperboardUITests.xctest; sourceTree = BUILT_PRODUCTS_DIR; };
		AA89A2001DA164400064D142 /* ClapperboardUITests.swift */ = {isa = PBXFileReference; lastKnownFileType = sourcecode.swift; path = ClapperboardUITests.swift; sourceTree = "<group>"; };
		AA89A2021DA164400064D142 /* Info.plist */ = {isa = PBXFileReference; lastKnownFileType = text.plist.xml; path = Info.plist; sourceTree = "<group>"; };
		AA89A2101DA171290064D142 /* APIConnector.swift */ = {isa = PBXFileReference; fileEncoding = 4; lastKnownFileType = sourcecode.swift; name = APIConnector.swift; path = API/APIConnector.swift; sourceTree = "<group>"; };
		AA89A2121DA171950064D142 /* OMDbAPIConnector.swift */ = {isa = PBXFileReference; fileEncoding = 4; lastKnownFileType = sourcecode.swift; name = OMDbAPIConnector.swift; path = API/OMDbAPIConnector.swift; sourceTree = "<group>"; };
		AA89A2141DA17C8D0064D142 /* Movie.swift */ = {isa = PBXFileReference; fileEncoding = 4; lastKnownFileType = sourcecode.swift; name = Movie.swift; path = Models/Movie.swift; sourceTree = "<group>"; };
		AAC5690A1DA1D632008D8D4C /* MovieRequest.swift */ = {isa = PBXFileReference; fileEncoding = 4; lastKnownFileType = sourcecode.swift; name = MovieRequest.swift; path = Models/MovieRequest.swift; sourceTree = "<group>"; };
		F24F67361DAC1D7B00E2FFFC /* UIView+Extensions.swift */ = {isa = PBXFileReference; fileEncoding = 4; lastKnownFileType = sourcecode.swift; path = "UIView+Extensions.swift"; sourceTree = "<group>"; };
		F25052051DABCC0700930870 /* LargeHeadingView.swift */ = {isa = PBXFileReference; fileEncoding = 4; lastKnownFileType = sourcecode.swift; name = LargeHeadingView.swift; path = Cells/LargeHeadingView.swift; sourceTree = "<group>"; };
		F25052071DABCC3500930870 /* LargeHeadingView.xib */ = {isa = PBXFileReference; fileEncoding = 4; lastKnownFileType = file.xib; name = LargeHeadingView.xib; path = Cells/LargeHeadingView.xib; sourceTree = "<group>"; };
		F2B893D11DA5315900CD6DCE /* SearchHeaderCollectionViewCell.swift */ = {isa = PBXFileReference; fileEncoding = 4; lastKnownFileType = sourcecode.swift; name = SearchHeaderCollectionViewCell.swift; path = Cells/SearchHeaderCollectionViewCell.swift; sourceTree = "<group>"; };
		F2B893D21DA5315900CD6DCE /* SearchHeaderCollectionViewCell.xib */ = {isa = PBXFileReference; fileEncoding = 4; lastKnownFileType = file.xib; name = SearchHeaderCollectionViewCell.xib; path = Cells/SearchHeaderCollectionViewCell.xib; sourceTree = "<group>"; };
/* End PBXFileReference section */

/* Begin PBXFrameworksBuildPhase section */
		AA89A1DA1DA164400064D142 /* Frameworks */ = {
			isa = PBXFrameworksBuildPhase;
			buildActionMask = 2147483647;
			files = (
			);
			runOnlyForDeploymentPostprocessing = 0;
		};
		AA89A1EE1DA164400064D142 /* Frameworks */ = {
			isa = PBXFrameworksBuildPhase;
			buildActionMask = 2147483647;
			files = (
			);
			runOnlyForDeploymentPostprocessing = 0;
		};
		AA89A1F91DA164400064D142 /* Frameworks */ = {
			isa = PBXFrameworksBuildPhase;
			buildActionMask = 2147483647;
			files = (
			);
			runOnlyForDeploymentPostprocessing = 0;
		};
/* End PBXFrameworksBuildPhase section */

/* Begin PBXGroup section */
		AA1952041DB3DF04001F5298 /* Movie View */ = {
			isa = PBXGroup;
			children = (
				AA1952051DB3DF2F001F5298 /* MovieCardView.swift */,
				AA1952071DB3DF3E001F5298 /* MovieCardView.xib */,
			);
			name = "Movie View";
			sourceTree = "<group>";
		};
		AA27ED791DA450CE000395B7 /* Root View Controllers */ = {
			isa = PBXGroup;
			children = (
				AA27ED751DA447AA000395B7 /* RootTabBarController.swift */,
				AA27ED771DA44B1F000395B7 /* LeaderboardViewController.swift */,
				AA27ED7A1DA45897000395B7 /* NominationsViewController.swift */,
				AA27ED831DAD788B000395B7 /* SearchViewController.swift */,
				AA89A1E21DA164400064D142 /* ViewController.swift */,
			);
			name = "Root View Controllers";
			sourceTree = "<group>";
		};
		AA27ED7C1DA46A8E000395B7 /* Cells */ = {
			isa = PBXGroup;
			children = (
				F25052041DABCBE300930870 /* Common Views */,
				F2B893D61DA5317100CD6DCE /* CollectionView */,
				F2B893D51DA5316400CD6DCE /* TableView */,
			);
			name = Cells;
			sourceTree = "<group>";
		};
		AA74346E1DB2F8ED00BFB26C /* Stuff to delete */ = {
			isa = PBXGroup;
			children = (
				AA27ED811DA46E91000395B7 /* OLD_SearchViewController.swift */,
			);
			name = "Stuff to delete";
			sourceTree = "<group>";
		};
		AA74346F1DB2F90D00BFB26C /* General Controllers */ = {
			isa = PBXGroup;
			children = (
				AA27ED6B1DA23AFA000395B7 /* SearchResultsViewController.swift */,
			);
			name = "General Controllers";
			sourceTree = "<group>";
		};
		AA7434711DB2FC0700BFB26C /* Views */ = {
			isa = PBXGroup;
			children = (
				AA1952041DB3DF04001F5298 /* Movie View */,
				AA7434761DB2FC4700BFB26C /* Loading View */,
			);
			name = Views;
			sourceTree = "<group>";
		};
		AA7434761DB2FC4700BFB26C /* Loading View */ = {
			isa = PBXGroup;
			children = (
				AA7434721DB2FC2F00BFB26C /* LoadingView.swift */,
				AA7434741DB2FC4300BFB26C /* LoadingView.xib */,
			);
			name = "Loading View";
			sourceTree = "<group>";
		};
		AA89A1D41DA1643F0064D142 = {
			isa = PBXGroup;
			children = (
				AA89A1DF1DA164400064D142 /* Clapperboard */,
				AA89A1F41DA164400064D142 /* ClapperboardTests */,
				AA89A1FF1DA164400064D142 /* ClapperboardUITests */,
				AA89A1DE1DA164400064D142 /* Products */,
			);
			sourceTree = "<group>";
		};
		AA89A1DE1DA164400064D142 /* Products */ = {
			isa = PBXGroup;
			children = (
				AA89A1DD1DA164400064D142 /* Clapperboard.app */,
				AA89A1F11DA164400064D142 /* ClapperboardTests.xctest */,
				AA89A1FC1DA164400064D142 /* ClapperboardUITests.xctest */,
			);
			name = Products;
			sourceTree = "<group>";
		};
		AA89A1DF1DA164400064D142 /* Clapperboard */ = {
			isa = PBXGroup;
			children = (
				AA74346E1DB2F8ED00BFB26C /* Stuff to delete */,
				F24F67351DAC1D4500E2FFFC /* Extensions */,
				AA27ED7C1DA46A8E000395B7 /* Cells */,
				AA27ED791DA450CE000395B7 /* Root View Controllers */,
				AA74346F1DB2F90D00BFB26C /* General Controllers */,
				AA7434711DB2FC0700BFB26C /* Views */,
				AA89A2161DA17C910064D142 /* Models */,
				AA89A20E1DA170F00064D142 /* API Connectors */,
				AA89A1E01DA164400064D142 /* AppDelegate.swift */,
				AA89A1E41DA164400064D142 /* Main.storyboard */,
				AA89A1E71DA164400064D142 /* Assets.xcassets */,
				AA89A1E91DA164400064D142 /* LaunchScreen.storyboard */,
				AA89A1EC1DA164400064D142 /* Info.plist */,
				AA27ED711DA2FFCF000395B7 /* MovieCollectionViewCell.swift */,
				AA27ED6F1DA2FEDC000395B7 /* MovieCollectionViewCell.xib */,
				AA27ED731DA30F55000395B7 /* IndexedImageStore.swift */,
			);
			path = Clapperboard;
			sourceTree = "<group>";
		};
		AA89A1F41DA164400064D142 /* ClapperboardTests */ = {
			isa = PBXGroup;
			children = (
				AA89A1F51DA164400064D142 /* ClapperboardTests.swift */,
				AA89A1F71DA164400064D142 /* Info.plist */,
			);
			path = ClapperboardTests;
			sourceTree = "<group>";
		};
		AA89A1FF1DA164400064D142 /* ClapperboardUITests */ = {
			isa = PBXGroup;
			children = (
				AA89A2001DA164400064D142 /* ClapperboardUITests.swift */,
				AA89A2021DA164400064D142 /* Info.plist */,
			);
			path = ClapperboardUITests;
			sourceTree = "<group>";
		};
		AA89A20E1DA170F00064D142 /* API Connectors */ = {
			isa = PBXGroup;
			children = (
				AA89A2101DA171290064D142 /* APIConnector.swift */,
				AA27ED6D1DA2408A000395B7 /* APIRequest.swift */,
				AA89A20F1DA170FD0064D142 /* OMDb API */,
			);
			name = "API Connectors";
			sourceTree = "<group>";
		};
		AA89A20F1DA170FD0064D142 /* OMDb API */ = {
			isa = PBXGroup;
			children = (
				AAC569091DA1D618008D8D4C /* Request Models */,
				AA89A2121DA171950064D142 /* OMDbAPIConnector.swift */,
			);
			name = "OMDb API";
			sourceTree = "<group>";
		};
		AA89A2161DA17C910064D142 /* Models */ = {
			isa = PBXGroup;
			children = (
				AA89A2141DA17C8D0064D142 /* Movie.swift */,
			);
			name = Models;
			sourceTree = "<group>";
		};
		AAC569091DA1D618008D8D4C /* Request Models */ = {
			isa = PBXGroup;
			children = (
				AAC5690A1DA1D632008D8D4C /* MovieRequest.swift */,
			);
			name = "Request Models";
			sourceTree = "<group>";
		};
		F24F67351DAC1D4500E2FFFC /* Extensions */ = {
			isa = PBXGroup;
			children = (
				F24F67361DAC1D7B00E2FFFC /* UIView+Extensions.swift */,
				AA74346C1DB2B7D900BFB26C /* Array+Extensions.swift */,
			);
			name = Extensions;
			sourceTree = "<group>";
		};
		F25052041DABCBE300930870 /* Common Views */ = {
			isa = PBXGroup;
			children = (
				F25052051DABCC0700930870 /* LargeHeadingView.swift */,
				F25052071DABCC3500930870 /* LargeHeadingView.xib */,
			);
			name = "Common Views";
			sourceTree = "<group>";
		};
		F2B893D51DA5316400CD6DCE /* TableView */ = {
			isa = PBXGroup;
			children = (
				AA27ED7D1DA46AC8000395B7 /* LargeHeadingTableViewCell.swift */,
				AA27ED7E1DA46AC8000395B7 /* LargeHeadingTableViewCell.xib */,
				AA7434681DAD890400BFB26C /* SearchHeaderTableViewCell.swift */,
				AA7434691DAD890400BFB26C /* SearchHeaderTableViewCell.xib */,
			);
			name = TableView;
			sourceTree = "<group>";
		};
		F2B893D61DA5317100CD6DCE /* CollectionView */ = {
			isa = PBXGroup;
			children = (
				F2B893D11DA5315900CD6DCE /* SearchHeaderCollectionViewCell.swift */,
				F2B893D21DA5315900CD6DCE /* SearchHeaderCollectionViewCell.xib */,
			);
			name = CollectionView;
			sourceTree = "<group>";
		};
/* End PBXGroup section */

/* Begin PBXNativeTarget section */
		AA89A1DC1DA164400064D142 /* Clapperboard */ = {
			isa = PBXNativeTarget;
			buildConfigurationList = AA89A2051DA164400064D142 /* Build configuration list for PBXNativeTarget "Clapperboard" */;
			buildPhases = (
				AA89A1D91DA164400064D142 /* Sources */,
				AA89A1DA1DA164400064D142 /* Frameworks */,
				AA89A1DB1DA164400064D142 /* Resources */,
			);
			buildRules = (
			);
			dependencies = (
			);
			name = Clapperboard;
			productName = Clapperboard;
			productReference = AA89A1DD1DA164400064D142 /* Clapperboard.app */;
			productType = "com.apple.product-type.application";
		};
		AA89A1F01DA164400064D142 /* ClapperboardTests */ = {
			isa = PBXNativeTarget;
			buildConfigurationList = AA89A2081DA164400064D142 /* Build configuration list for PBXNativeTarget "ClapperboardTests" */;
			buildPhases = (
				AA89A1ED1DA164400064D142 /* Sources */,
				AA89A1EE1DA164400064D142 /* Frameworks */,
				AA89A1EF1DA164400064D142 /* Resources */,
			);
			buildRules = (
			);
			dependencies = (
				AA89A1F31DA164400064D142 /* PBXTargetDependency */,
			);
			name = ClapperboardTests;
			productName = ClapperboardTests;
			productReference = AA89A1F11DA164400064D142 /* ClapperboardTests.xctest */;
			productType = "com.apple.product-type.bundle.unit-test";
		};
		AA89A1FB1DA164400064D142 /* ClapperboardUITests */ = {
			isa = PBXNativeTarget;
			buildConfigurationList = AA89A20B1DA164400064D142 /* Build configuration list for PBXNativeTarget "ClapperboardUITests" */;
			buildPhases = (
				AA89A1F81DA164400064D142 /* Sources */,
				AA89A1F91DA164400064D142 /* Frameworks */,
				AA89A1FA1DA164400064D142 /* Resources */,
			);
			buildRules = (
			);
			dependencies = (
				AA89A1FE1DA164400064D142 /* PBXTargetDependency */,
			);
			name = ClapperboardUITests;
			productName = ClapperboardUITests;
			productReference = AA89A1FC1DA164400064D142 /* ClapperboardUITests.xctest */;
			productType = "com.apple.product-type.bundle.ui-testing";
		};
/* End PBXNativeTarget section */

/* Begin PBXProject section */
		AA89A1D51DA1643F0064D142 /* Project object */ = {
			isa = PBXProject;
			attributes = {
				LastSwiftUpdateCheck = 0800;
				LastUpgradeCheck = 0800;
				ORGANIZATIONNAME = Sticklebits;
				TargetAttributes = {
					AA89A1DC1DA164400064D142 = {
						CreatedOnToolsVersion = 8.0;
						DevelopmentTeam = Q4Z5R7G8ZW;
						ProvisioningStyle = Automatic;
					};
					AA89A1F01DA164400064D142 = {
						CreatedOnToolsVersion = 8.0;
						DevelopmentTeam = Q4Z5R7G8ZW;
						ProvisioningStyle = Automatic;
						TestTargetID = AA89A1DC1DA164400064D142;
					};
					AA89A1FB1DA164400064D142 = {
						CreatedOnToolsVersion = 8.0;
						DevelopmentTeam = Q4Z5R7G8ZW;
						ProvisioningStyle = Automatic;
						TestTargetID = AA89A1DC1DA164400064D142;
					};
				};
			};
			buildConfigurationList = AA89A1D81DA1643F0064D142 /* Build configuration list for PBXProject "Clapperboard" */;
			compatibilityVersion = "Xcode 3.2";
			developmentRegion = English;
			hasScannedForEncodings = 0;
			knownRegions = (
				en,
				Base,
			);
			mainGroup = AA89A1D41DA1643F0064D142;
			productRefGroup = AA89A1DE1DA164400064D142 /* Products */;
			projectDirPath = "";
			projectRoot = "";
			targets = (
				AA89A1DC1DA164400064D142 /* Clapperboard */,
				AA89A1F01DA164400064D142 /* ClapperboardTests */,
				AA89A1FB1DA164400064D142 /* ClapperboardUITests */,
			);
		};
/* End PBXProject section */

/* Begin PBXResourcesBuildPhase section */
		AA89A1DB1DA164400064D142 /* Resources */ = {
			isa = PBXResourcesBuildPhase;
			buildActionMask = 2147483647;
			files = (
				AA74346B1DAD890400BFB26C /* SearchHeaderTableViewCell.xib in Resources */,
				F25052081DABCC3500930870 /* LargeHeadingView.xib in Resources */,
				AA89A1EB1DA164400064D142 /* LaunchScreen.storyboard in Resources */,
				F2B893D41DA5315900CD6DCE /* SearchHeaderCollectionViewCell.xib in Resources */,
				AA89A1E81DA164400064D142 /* Assets.xcassets in Resources */,
				AA89A1E61DA164400064D142 /* Main.storyboard in Resources */,
				AA7434751DB2FC4300BFB26C /* LoadingView.xib in Resources */,
				AA1952081DB3DF3E001F5298 /* MovieCardView.xib in Resources */,
				AA27ED801DA46AC8000395B7 /* LargeHeadingTableViewCell.xib in Resources */,
				AA27ED701DA2FEDC000395B7 /* MovieCollectionViewCell.xib in Resources */,
			);
			runOnlyForDeploymentPostprocessing = 0;
		};
		AA89A1EF1DA164400064D142 /* Resources */ = {
			isa = PBXResourcesBuildPhase;
			buildActionMask = 2147483647;
			files = (
			);
			runOnlyForDeploymentPostprocessing = 0;
		};
		AA89A1FA1DA164400064D142 /* Resources */ = {
			isa = PBXResourcesBuildPhase;
			buildActionMask = 2147483647;
			files = (
			);
			runOnlyForDeploymentPostprocessing = 0;
		};
/* End PBXResourcesBuildPhase section */

/* Begin PBXSourcesBuildPhase section */
		AA89A1D91DA164400064D142 /* Sources */ = {
			isa = PBXSourcesBuildPhase;
			buildActionMask = 2147483647;
			files = (
				AA1952061DB3DF2F001F5298 /* MovieCardView.swift in Sources */,
				AA27ED821DA46E91000395B7 /* OLD_SearchViewController.swift in Sources */,
				AA89A2131DA171950064D142 /* OMDbAPIConnector.swift in Sources */,
				F25052061DABCC0700930870 /* LargeHeadingView.swift in Sources */,
				AA7434731DB2FC2F00BFB26C /* LoadingView.swift in Sources */,
				AA27ED7B1DA45897000395B7 /* NominationsViewController.swift in Sources */,
				AA27ED841DAD788B000395B7 /* SearchViewController.swift in Sources */,
				AA89A2111DA171290064D142 /* APIConnector.swift in Sources */,
				AAC5690B1DA1D632008D8D4C /* MovieRequest.swift in Sources */,
				F2B893D31DA5315900CD6DCE /* SearchHeaderCollectionViewCell.swift in Sources */,
				AA89A1E31DA164400064D142 /* ViewController.swift in Sources */,
				AA89A1E11DA164400064D142 /* AppDelegate.swift in Sources */,
				AA74346D1DB2B7D900BFB26C /* Array+Extensions.swift in Sources */,
				AA27ED6C1DA23AFA000395B7 /* SearchResultsViewController.swift in Sources */,
				AA27ED721DA2FFCF000395B7 /* MovieCollectionViewCell.swift in Sources */,
				AA27ED741DA30F55000395B7 /* IndexedImageStore.swift in Sources */,
				F24F67371DAC1D7B00E2FFFC /* UIView+Extensions.swift in Sources */,
				AA27ED6E1DA2408A000395B7 /* APIRequest.swift in Sources */,
				AA27ED7F1DA46AC8000395B7 /* LargeHeadingTableViewCell.swift in Sources */,
				AA74346A1DAD890400BFB26C /* SearchHeaderTableViewCell.swift in Sources */,
				AA89A2151DA17C8D0064D142 /* Movie.swift in Sources */,
				AA27ED781DA44B1F000395B7 /* LeaderboardViewController.swift in Sources */,
				AA27ED761DA447AA000395B7 /* RootTabBarController.swift in Sources */,
			);
			runOnlyForDeploymentPostprocessing = 0;
		};
		AA89A1ED1DA164400064D142 /* Sources */ = {
			isa = PBXSourcesBuildPhase;
			buildActionMask = 2147483647;
			files = (
				AA89A1F61DA164400064D142 /* ClapperboardTests.swift in Sources */,
			);
			runOnlyForDeploymentPostprocessing = 0;
		};
		AA89A1F81DA164400064D142 /* Sources */ = {
			isa = PBXSourcesBuildPhase;
			buildActionMask = 2147483647;
			files = (
				AA89A2011DA164400064D142 /* ClapperboardUITests.swift in Sources */,
			);
			runOnlyForDeploymentPostprocessing = 0;
		};
/* End PBXSourcesBuildPhase section */

/* Begin PBXTargetDependency section */
		AA89A1F31DA164400064D142 /* PBXTargetDependency */ = {
			isa = PBXTargetDependency;
			target = AA89A1DC1DA164400064D142 /* Clapperboard */;
			targetProxy = AA89A1F21DA164400064D142 /* PBXContainerItemProxy */;
		};
		AA89A1FE1DA164400064D142 /* PBXTargetDependency */ = {
			isa = PBXTargetDependency;
			target = AA89A1DC1DA164400064D142 /* Clapperboard */;
			targetProxy = AA89A1FD1DA164400064D142 /* PBXContainerItemProxy */;
		};
/* End PBXTargetDependency section */

/* Begin PBXVariantGroup section */
		AA89A1E41DA164400064D142 /* Main.storyboard */ = {
			isa = PBXVariantGroup;
			children = (
				AA89A1E51DA164400064D142 /* Base */,
			);
			name = Main.storyboard;
			sourceTree = "<group>";
		};
		AA89A1E91DA164400064D142 /* LaunchScreen.storyboard */ = {
			isa = PBXVariantGroup;
			children = (
				AA89A1EA1DA164400064D142 /* Base */,
			);
			name = LaunchScreen.storyboard;
			sourceTree = "<group>";
		};
/* End PBXVariantGroup section */

/* Begin XCBuildConfiguration section */
		AA89A2031DA164400064D142 /* Debug */ = {
			isa = XCBuildConfiguration;
			buildSettings = {
				ALWAYS_SEARCH_USER_PATHS = NO;
				CLANG_ANALYZER_NONNULL = YES;
				CLANG_CXX_LANGUAGE_STANDARD = "gnu++0x";
				CLANG_CXX_LIBRARY = "libc++";
				CLANG_ENABLE_MODULES = YES;
				CLANG_ENABLE_OBJC_ARC = YES;
				CLANG_WARN_BOOL_CONVERSION = YES;
				CLANG_WARN_CONSTANT_CONVERSION = YES;
				CLANG_WARN_DIRECT_OBJC_ISA_USAGE = YES_ERROR;
				CLANG_WARN_DOCUMENTATION_COMMENTS = YES;
				CLANG_WARN_EMPTY_BODY = YES;
				CLANG_WARN_ENUM_CONVERSION = YES;
				CLANG_WARN_INFINITE_RECURSION = YES;
				CLANG_WARN_INT_CONVERSION = YES;
				CLANG_WARN_OBJC_ROOT_CLASS = YES_ERROR;
				CLANG_WARN_SUSPICIOUS_MOVES = YES;
				CLANG_WARN_UNREACHABLE_CODE = YES;
				CLANG_WARN__DUPLICATE_METHOD_MATCH = YES;
				"CODE_SIGN_IDENTITY[sdk=iphoneos*]" = "iPhone Developer";
				COPY_PHASE_STRIP = NO;
				DEBUG_INFORMATION_FORMAT = dwarf;
				ENABLE_STRICT_OBJC_MSGSEND = YES;
				ENABLE_TESTABILITY = YES;
				GCC_C_LANGUAGE_STANDARD = gnu99;
				GCC_DYNAMIC_NO_PIC = NO;
				GCC_NO_COMMON_BLOCKS = YES;
				GCC_OPTIMIZATION_LEVEL = 0;
				GCC_PREPROCESSOR_DEFINITIONS = (
					"DEBUG=1",
					"$(inherited)",
				);
				GCC_WARN_64_TO_32_BIT_CONVERSION = YES;
				GCC_WARN_ABOUT_RETURN_TYPE = YES_ERROR;
				GCC_WARN_UNDECLARED_SELECTOR = YES;
				GCC_WARN_UNINITIALIZED_AUTOS = YES_AGGRESSIVE;
				GCC_WARN_UNUSED_FUNCTION = YES;
				GCC_WARN_UNUSED_VARIABLE = YES;
				IPHONEOS_DEPLOYMENT_TARGET = 10.0;
				MTL_ENABLE_DEBUG_INFO = YES;
				ONLY_ACTIVE_ARCH = YES;
				SDKROOT = iphoneos;
				SWIFT_ACTIVE_COMPILATION_CONDITIONS = DEBUG;
				SWIFT_OPTIMIZATION_LEVEL = "-Onone";
				TARGETED_DEVICE_FAMILY = "1,2";
			};
			name = Debug;
		};
		AA89A2041DA164400064D142 /* Release */ = {
			isa = XCBuildConfiguration;
			buildSettings = {
				ALWAYS_SEARCH_USER_PATHS = NO;
				CLANG_ANALYZER_NONNULL = YES;
				CLANG_CXX_LANGUAGE_STANDARD = "gnu++0x";
				CLANG_CXX_LIBRARY = "libc++";
				CLANG_ENABLE_MODULES = YES;
				CLANG_ENABLE_OBJC_ARC = YES;
				CLANG_WARN_BOOL_CONVERSION = YES;
				CLANG_WARN_CONSTANT_CONVERSION = YES;
				CLANG_WARN_DIRECT_OBJC_ISA_USAGE = YES_ERROR;
				CLANG_WARN_DOCUMENTATION_COMMENTS = YES;
				CLANG_WARN_EMPTY_BODY = YES;
				CLANG_WARN_ENUM_CONVERSION = YES;
				CLANG_WARN_INFINITE_RECURSION = YES;
				CLANG_WARN_INT_CONVERSION = YES;
				CLANG_WARN_OBJC_ROOT_CLASS = YES_ERROR;
				CLANG_WARN_SUSPICIOUS_MOVES = YES;
				CLANG_WARN_UNREACHABLE_CODE = YES;
				CLANG_WARN__DUPLICATE_METHOD_MATCH = YES;
				"CODE_SIGN_IDENTITY[sdk=iphoneos*]" = "iPhone Developer";
				COPY_PHASE_STRIP = NO;
				DEBUG_INFORMATION_FORMAT = "dwarf-with-dsym";
				ENABLE_NS_ASSERTIONS = NO;
				ENABLE_STRICT_OBJC_MSGSEND = YES;
				GCC_C_LANGUAGE_STANDARD = gnu99;
				GCC_NO_COMMON_BLOCKS = YES;
				GCC_WARN_64_TO_32_BIT_CONVERSION = YES;
				GCC_WARN_ABOUT_RETURN_TYPE = YES_ERROR;
				GCC_WARN_UNDECLARED_SELECTOR = YES;
				GCC_WARN_UNINITIALIZED_AUTOS = YES_AGGRESSIVE;
				GCC_WARN_UNUSED_FUNCTION = YES;
				GCC_WARN_UNUSED_VARIABLE = YES;
				IPHONEOS_DEPLOYMENT_TARGET = 10.0;
				MTL_ENABLE_DEBUG_INFO = NO;
				SDKROOT = iphoneos;
				SWIFT_OPTIMIZATION_LEVEL = "-Owholemodule";
				TARGETED_DEVICE_FAMILY = "1,2";
				VALIDATE_PRODUCT = YES;
			};
			name = Release;
		};
		AA89A2061DA164400064D142 /* Debug */ = {
			isa = XCBuildConfiguration;
			buildSettings = {
				ASSETCATALOG_COMPILER_APPICON_NAME = AppIcon;
				DEVELOPMENT_TEAM = Q4Z5R7G8ZW;
				INFOPLIST_FILE = Clapperboard/Info.plist;
				LD_RUNPATH_SEARCH_PATHS = "$(inherited) @executable_path/Frameworks";
				PRODUCT_BUNDLE_IDENTIFIER = uk.co.sticklebits.Clapperboard;
				PRODUCT_NAME = "$(TARGET_NAME)";
				SWIFT_VERSION = 3.0;
				TARGETED_DEVICE_FAMILY = "1,2";
			};
			name = Debug;
		};
		AA89A2071DA164400064D142 /* Release */ = {
			isa = XCBuildConfiguration;
			buildSettings = {
				ASSETCATALOG_COMPILER_APPICON_NAME = AppIcon;
				DEVELOPMENT_TEAM = Q4Z5R7G8ZW;
				INFOPLIST_FILE = Clapperboard/Info.plist;
				LD_RUNPATH_SEARCH_PATHS = "$(inherited) @executable_path/Frameworks";
				PRODUCT_BUNDLE_IDENTIFIER = uk.co.sticklebits.Clapperboard;
				PRODUCT_NAME = "$(TARGET_NAME)";
				SWIFT_VERSION = 3.0;
				TARGETED_DEVICE_FAMILY = "1,2";
			};
			name = Release;
		};
		AA89A2091DA164400064D142 /* Debug */ = {
			isa = XCBuildConfiguration;
			buildSettings = {
				ALWAYS_EMBED_SWIFT_STANDARD_LIBRARIES = YES;
				BUNDLE_LOADER = "$(TEST_HOST)";
				DEVELOPMENT_TEAM = Q4Z5R7G8ZW;
				INFOPLIST_FILE = ClapperboardTests/Info.plist;
				LD_RUNPATH_SEARCH_PATHS = "$(inherited) @executable_path/Frameworks @loader_path/Frameworks";
				PRODUCT_BUNDLE_IDENTIFIER = uk.co.sticklebits.ClapperboardTests;
				PRODUCT_NAME = "$(TARGET_NAME)";
				SWIFT_VERSION = 3.0;
				TEST_HOST = "$(BUILT_PRODUCTS_DIR)/Clapperboard.app/Clapperboard";
			};
			name = Debug;
		};
		AA89A20A1DA164400064D142 /* Release */ = {
			isa = XCBuildConfiguration;
			buildSettings = {
				ALWAYS_EMBED_SWIFT_STANDARD_LIBRARIES = YES;
				BUNDLE_LOADER = "$(TEST_HOST)";
				DEVELOPMENT_TEAM = Q4Z5R7G8ZW;
				INFOPLIST_FILE = ClapperboardTests/Info.plist;
				LD_RUNPATH_SEARCH_PATHS = "$(inherited) @executable_path/Frameworks @loader_path/Frameworks";
				PRODUCT_BUNDLE_IDENTIFIER = uk.co.sticklebits.ClapperboardTests;
				PRODUCT_NAME = "$(TARGET_NAME)";
				SWIFT_VERSION = 3.0;
				TEST_HOST = "$(BUILT_PRODUCTS_DIR)/Clapperboard.app/Clapperboard";
			};
			name = Release;
		};
		AA89A20C1DA164400064D142 /* Debug */ = {
			isa = XCBuildConfiguration;
			buildSettings = {
				ALWAYS_EMBED_SWIFT_STANDARD_LIBRARIES = YES;
				DEVELOPMENT_TEAM = Q4Z5R7G8ZW;
				INFOPLIST_FILE = ClapperboardUITests/Info.plist;
				LD_RUNPATH_SEARCH_PATHS = "$(inherited) @executable_path/Frameworks @loader_path/Frameworks";
				PRODUCT_BUNDLE_IDENTIFIER = uk.co.sticklebits.ClapperboardUITests;
				PRODUCT_NAME = "$(TARGET_NAME)";
				SWIFT_VERSION = 3.0;
				TEST_TARGET_NAME = Clapperboard;
			};
			name = Debug;
		};
		AA89A20D1DA164400064D142 /* Release */ = {
			isa = XCBuildConfiguration;
			buildSettings = {
				ALWAYS_EMBED_SWIFT_STANDARD_LIBRARIES = YES;
				DEVELOPMENT_TEAM = Q4Z5R7G8ZW;
				INFOPLIST_FILE = ClapperboardUITests/Info.plist;
				LD_RUNPATH_SEARCH_PATHS = "$(inherited) @executable_path/Frameworks @loader_path/Frameworks";
				PRODUCT_BUNDLE_IDENTIFIER = uk.co.sticklebits.ClapperboardUITests;
				PRODUCT_NAME = "$(TARGET_NAME)";
				SWIFT_VERSION = 3.0;
				TEST_TARGET_NAME = Clapperboard;
			};
			name = Release;
		};
/* End XCBuildConfiguration section */

/* Begin XCConfigurationList section */
		AA89A1D81DA1643F0064D142 /* Build configuration list for PBXProject "Clapperboard" */ = {
			isa = XCConfigurationList;
			buildConfigurations = (
				AA89A2031DA164400064D142 /* Debug */,
				AA89A2041DA164400064D142 /* Release */,
			);
			defaultConfigurationIsVisible = 0;
			defaultConfigurationName = Release;
		};
		AA89A2051DA164400064D142 /* Build configuration list for PBXNativeTarget "Clapperboard" */ = {
			isa = XCConfigurationList;
			buildConfigurations = (
				AA89A2061DA164400064D142 /* Debug */,
				AA89A2071DA164400064D142 /* Release */,
			);
			defaultConfigurationIsVisible = 0;
			defaultConfigurationName = Release;
		};
		AA89A2081DA164400064D142 /* Build configuration list for PBXNativeTarget "ClapperboardTests" */ = {
			isa = XCConfigurationList;
			buildConfigurations = (
				AA89A2091DA164400064D142 /* Debug */,
				AA89A20A1DA164400064D142 /* Release */,
			);
			defaultConfigurationIsVisible = 0;
			defaultConfigurationName = Release;
		};
		AA89A20B1DA164400064D142 /* Build configuration list for PBXNativeTarget "ClapperboardUITests" */ = {
			isa = XCConfigurationList;
			buildConfigurations = (
				AA89A20C1DA164400064D142 /* Debug */,
				AA89A20D1DA164400064D142 /* Release */,
			);
			defaultConfigurationIsVisible = 0;
			defaultConfigurationName = Release;
		};
/* End XCConfigurationList section */
	};
	rootObject = AA89A1D51DA1643F0064D142 /* Project object */;
}
